
Microsoft Visual Studio Solution File, Format Version 12.00
# Visual Studio Version 16
VisualStudioVersion = 16.0.30907.101
MinimumVisualStudioVersion = 10.0.40219.1
Project("{FAE04EC0-301F-11D3-BF4B-00C04F79EFBC}") = "ex01", "ex01\ex01.csproj", "{91A688D0-F7D5-40B2-A77F-8A6A6726D129}"
EndProject
Global
	GlobalSection(SolutionConfigurationPlatforms) = preSolution
		Debug|Any CPU = Debug|Any CPU
		Release|Any CPU = Release|Any CPU
	EndGlobalSection
	GlobalSection(ProjectConfigurationPlatforms) = postSolution
		{91A688D0-F7D5-40B2-A77F-8A6A6726D129}.Debug|Any CPU.ActiveCfg = Debug|Any CPU
		{91A688D0-F7D5-40B2-A77F-8A6A6726D129}.Debug|Any CPU.Build.0 = Debug|Any CPU
		{91A688D0-F7D5-40B2-A77F-8A6A6726D129}.Release|Any CPU.ActiveCfg = Release|Any CPU
		{91A688D0-F7D5-40B2-A77F-8A6A6726D129}.Release|Any CPU.Build.0 = Release|Any CPU
	EndGlobalSection
	GlobalSection(SolutionProperties) = preSolution
		HideSolutionNode = FALSE
	EndGlobalSection
	GlobalSection(ExtensibilityGlobals) = postSolution
		SolutionGuid = {B109EB38-9C5D-466B-BE37-37F28F1867B3}
	EndGlobalSection
EndGlobal
